
Microsoft Visual Studio Solution File, Format Version 12.00
# Visual Studio Version 17
VisualStudioVersion = 17.5.33530.505
MinimumVisualStudioVersion = 10.0.40219.1
Project("{FAE04EC0-301F-11D3-BF4B-00C04F79EFBC}") = "SalesWebMvc", "SalesWebMvc\SalesWebMvc.csproj", "{FC3E0033-D615-4D26-9CE1-98C0A217E92C}"
EndProject
Global
	GlobalSection(SolutionConfigurationPlatforms) = preSolution
		Debug|Any CPU = Debug|Any CPU
		Release|Any CPU = Release|Any CPU
	EndGlobalSection
	GlobalSection(ProjectConfigurationPlatforms) = postSolution
		{FC3E0033-D615-4D26-9CE1-98C0A217E92C}.Debug|Any CPU.ActiveCfg = Debug|Any CPU
		{FC3E0033-D615-4D26-9CE1-98C0A217E92C}.Debug|Any CPU.Build.0 = Debug|Any CPU
		{FC3E0033-D615-4D26-9CE1-98C0A217E92C}.Release|Any CPU.ActiveCfg = Release|Any CPU
		{FC3E0033-D615-4D26-9CE1-98C0A217E92C}.Release|Any CPU.Build.0 = Release|Any CPU
	EndGlobalSection
	GlobalSection(SolutionProperties) = preSolution
		HideSolutionNode = FALSE
	EndGlobalSection
	GlobalSection(ExtensibilityGlobals) = postSolution
		SolutionGuid = {3F18D252-BBC2-4D54-90B9-61EA8B592DBF}
	EndGlobalSection
EndGlobal
